
Microsoft Visual Studio Solution File, Format Version 12.00
# Visual Studio Version 16
VisualStudioVersion = 16.0.31004.235
MinimumVisualStudioVersion = 10.0.40219.1
Project("{9A19103F-16F7-4668-BE54-9A1E7A4F7556}") = "MailRuCupMiner", "MailRuCupMiner.csproj", "{37781AB0-8B17-4A2F-BDAB-C58C6841C0A9}"
EndProject
Project("{9A19103F-16F7-4668-BE54-9A1E7A4F7556}") = "MailRuCupMinerTests", "..\MailRuCupMinerTests\MailRuCupMinerTests.csproj", "{E6988E02-6109-414B-A565-B597DAF85948}"
EndProject
Global
	GlobalSection(SolutionConfigurationPlatforms) = preSolution
		Debug|Any CPU = Debug|Any CPU
		Release|Any CPU = Release|Any CPU
		Test|Any CPU = Test|Any CPU
	EndGlobalSection
	GlobalSection(ProjectConfigurationPlatforms) = postSolution
		{37781AB0-8B17-4A2F-BDAB-C58C6841C0A9}.Debug|Any CPU.ActiveCfg = Debug|Any CPU
		{37781AB0-8B17-4A2F-BDAB-C58C6841C0A9}.Debug|Any CPU.Build.0 = Debug|Any CPU
		{37781AB0-8B17-4A2F-BDAB-C58C6841C0A9}.Release|Any CPU.ActiveCfg = Release|Any CPU
		{37781AB0-8B17-4A2F-BDAB-C58C6841C0A9}.Release|Any CPU.Build.0 = Release|Any CPU
		{37781AB0-8B17-4A2F-BDAB-C58C6841C0A9}.Test|Any CPU.ActiveCfg = Test|Any CPU
		{37781AB0-8B17-4A2F-BDAB-C58C6841C0A9}.Test|Any CPU.Build.0 = Test|Any CPU
		{E6988E02-6109-414B-A565-B597DAF85948}.Debug|Any CPU.ActiveCfg = Debug|Any CPU
		{E6988E02-6109-414B-A565-B597DAF85948}.Debug|Any CPU.Build.0 = Debug|Any CPU
		{E6988E02-6109-414B-A565-B597DAF85948}.Release|Any CPU.ActiveCfg = Release|Any CPU
		{E6988E02-6109-414B-A565-B597DAF85948}.Release|Any CPU.Build.0 = Release|Any CPU
		{E6988E02-6109-414B-A565-B597DAF85948}.Test|Any CPU.ActiveCfg = Test|Any CPU
		{E6988E02-6109-414B-A565-B597DAF85948}.Test|Any CPU.Build.0 = Test|Any CPU
	EndGlobalSection
	GlobalSection(SolutionProperties) = preSolution
		HideSolutionNode = FALSE
	EndGlobalSection
	GlobalSection(ExtensibilityGlobals) = postSolution
		SolutionGuid = {EC556FCF-A9BF-4749-98F3-FFC475BE79BB}
	EndGlobalSection
EndGlobal
